{
  "requires": true,
  "lockfileVersion": 1,
  "dependencies": {
    "@smt-ui/content-component": {
      "version": "0.3.3",
      "resolved": "https://registry.npmjs.org/@smt-ui/content-component/-/content-component-0.3.3.tgz",
      "integrity": "sha512-GI+ToQlxlq4dJOy206SJXlQVtMOBotnhhpkjteHFVNN+PIQDzPn6qH3tncX1qD8T/4wvPlMkVqB24xqffplUKw=="
    }
  }
}
